
Microsoft Visual Studio Solution File, Format Version 12.00
# Visual Studio Version 16
VisualStudioVersion = 16.0.31424.327
MinimumVisualStudioVersion = 10.0.40219.1
Project("{FAE04EC0-301F-11D3-BF4B-00C04F79EFBC}") = "GestioneEsami", "GestioneEsami\GestioneEsami.csproj", "{D1EC814E-6DA0-4FD0-A27A-D1A38E643118}"
EndProject
Global
	GlobalSection(SolutionConfigurationPlatforms) = preSolution
		Debug|Any CPU = Debug|Any CPU
		Release|Any CPU = Release|Any CPU
	EndGlobalSection
	GlobalSection(ProjectConfigurationPlatforms) = postSolution
		{D1EC814E-6DA0-4FD0-A27A-D1A38E643118}.Debug|Any CPU.ActiveCfg = Debug|Any CPU
		{D1EC814E-6DA0-4FD0-A27A-D1A38E643118}.Debug|Any CPU.Build.0 = Debug|Any CPU
		{D1EC814E-6DA0-4FD0-A27A-D1A38E643118}.Release|Any CPU.ActiveCfg = Release|Any CPU
		{D1EC814E-6DA0-4FD0-A27A-D1A38E643118}.Release|Any CPU.Build.0 = Release|Any CPU
	EndGlobalSection
	GlobalSection(SolutionProperties) = preSolution
		HideSolutionNode = FALSE
	EndGlobalSection
	GlobalSection(ExtensibilityGlobals) = postSolution
		SolutionGuid = {ECAAEE6C-30CD-49D8-B137-9DB860BA5E38}
	EndGlobalSection
EndGlobal
